
Microsoft Visual Studio Solution File, Format Version 12.00
# Visual Studio Version 17
VisualStudioVersion = 17.0.31903.59
MinimumVisualStudioVersion = 10.0.40219.1
Project("{2150E333-8FDC-42A3-9474-1A3956D46DE8}") = "src", "src", "{827E0CD3-B72D-47B6-A68D-7590B98EB39B}"
EndProject
Project("{FAE04EC0-301F-11D3-BF4B-00C04F79EFBC}") = "ICare.Domain", "src\ICare.Domain\ICare.Domain.csproj", "{AC96AE41-EEDA-42C7-A514-1612E5566508}"
EndProject
Project("{FAE04EC0-301F-11D3-BF4B-00C04F79EFBC}") = "ICare.Application", "src\ICare.Application\ICare.Application.csproj", "{FEE631B6-D455-4104-8BCB-81B0662CAF85}"
EndProject
Project("{FAE04EC0-301F-11D3-BF4B-00C04F79EFBC}") = "ICare.Infrastructure", "src\ICare.Infrastructure\ICare.Infrastructure.csproj", "{0DF27D37-33B2-44DD-B104-FF86B767F58D}"
EndProject
Project("{FAE04EC0-301F-11D3-BF4B-00C04F79EFBC}") = "ICare.WebApi", "src\ICare.WebApi\ICare.WebApi.csproj", "{95C522EC-0A87-422A-81B7-F351A1DBC6A0}"
EndProject
Project("{2150E333-8FDC-42A3-9474-1A3956D46DE8}") = "tests", "tests", "{0AB3BF05-4346-4AA6-1389-037BE0695223}"
EndProject
Project("{FAE04EC0-301F-11D3-BF4B-00C04F79EFBC}") = "ICare.Domain.Tests", "tests\ICare.Domain.Tests\ICare.Domain.Tests.csproj", "{6C78BB39-1F53-443C-B09E-5DB298032B41}"
EndProject
Project("{FAE04EC0-301F-11D3-BF4B-00C04F79EFBC}") = "ICare.Application.Tests", "tests\ICare.Application.Tests\ICare.Application.Tests.csproj", "{0356FA8D-5500-4F20-8213-2E87B01F4928}"
EndProject
Project("{FAE04EC0-301F-11D3-BF4B-00C04F79EFBC}") = "ICare.Infrastructure.Tests", "tests\ICare.Infrastructure.Tests\ICare.Infrastructure.Tests.csproj", "{4FE055F9-A10D-4E80-93E5-2B3CB503EB01}"
EndProject
Global
	GlobalSection(SolutionConfigurationPlatforms) = preSolution
		Debug|Any CPU = Debug|Any CPU
		Debug|x64 = Debug|x64
		Debug|x86 = Debug|x86
		Release|Any CPU = Release|Any CPU
		Release|x64 = Release|x64
		Release|x86 = Release|x86
	EndGlobalSection
	GlobalSection(ProjectConfigurationPlatforms) = postSolution
		{AC96AE41-EEDA-42C7-A514-1612E5566508}.Debug|Any CPU.ActiveCfg = Debug|Any CPU
		{AC96AE41-EEDA-42C7-A514-1612E5566508}.Debug|Any CPU.Build.0 = Debug|Any CPU
		{AC96AE41-EEDA-42C7-A514-1612E5566508}.Debug|x64.ActiveCfg = Debug|Any CPU
		{AC96AE41-EEDA-42C7-A514-1612E5566508}.Debug|x64.Build.0 = Debug|Any CPU
		{AC96AE41-EEDA-42C7-A514-1612E5566508}.Debug|x86.ActiveCfg = Debug|Any CPU
		{AC96AE41-EEDA-42C7-A514-1612E5566508}.Debug|x86.Build.0 = Debug|Any CPU
		{AC96AE41-EEDA-42C7-A514-1612E5566508}.Release|Any CPU.ActiveCfg = Release|Any CPU
		{AC96AE41-EEDA-42C7-A514-1612E5566508}.Release|Any CPU.Build.0 = Release|Any CPU
		{AC96AE41-EEDA-42C7-A514-1612E5566508}.Release|x64.ActiveCfg = Release|Any CPU
		{AC96AE41-EEDA-42C7-A514-1612E5566508}.Release|x64.Build.0 = Release|Any CPU
		{AC96AE41-EEDA-42C7-A514-1612E5566508}.Release|x86.ActiveCfg = Release|Any CPU
		{AC96AE41-EEDA-42C7-A514-1612E5566508}.Release|x86.Build.0 = Release|Any CPU
		{FEE631B6-D455-4104-8BCB-81B0662CAF85}.Debug|Any CPU.ActiveCfg = Debug|Any CPU
		{FEE631B6-D455-4104-8BCB-81B0662CAF85}.Debug|Any CPU.Build.0 = Debug|Any CPU
		{FEE631B6-D455-4104-8BCB-81B0662CAF85}.Debug|x64.ActiveCfg = Debug|Any CPU
		{FEE631B6-D455-4104-8BCB-81B0662CAF85}.Debug|x64.Build.0 = Debug|Any CPU
		{FEE631B6-D455-4104-8BCB-81B0662CAF85}.Debug|x86.ActiveCfg = Debug|Any CPU
		{FEE631B6-D455-4104-8BCB-81B0662CAF85}.Debug|x86.Build.0 = Debug|Any CPU
		{FEE631B6-D455-4104-8BCB-81B0662CAF85}.Release|Any CPU.ActiveCfg = Release|Any CPU
		{FEE631B6-D455-4104-8BCB-81B0662CAF85}.Release|Any CPU.Build.0 = Release|Any CPU
		{FEE631B6-D455-4104-8BCB-81B0662CAF85}.Release|x64.ActiveCfg = Release|Any CPU
		{FEE631B6-D455-4104-8BCB-81B0662CAF85}.Release|x64.Build.0 = Release|Any CPU
		{FEE631B6-D455-4104-8BCB-81B0662CAF85}.Release|x86.ActiveCfg = Release|Any CPU
		{FEE631B6-D455-4104-8BCB-81B0662CAF85}.Release|x86.Build.0 = Release|Any CPU
		{0DF27D37-33B2-44DD-B104-FF86B767F58D}.Debug|Any CPU.ActiveCfg = Debug|Any CPU
		{0DF27D37-33B2-44DD-B104-FF86B767F58D}.Debug|Any CPU.Build.0 = Debug|Any CPU
		{0DF27D37-33B2-44DD-B104-FF86B767F58D}.Debug|x64.ActiveCfg = Debug|Any CPU
		{0DF27D37-33B2-44DD-B104-FF86B767F58D}.Debug|x64.Build.0 = Debug|Any CPU
		{0DF27D37-33B2-44DD-B104-FF86B767F58D}.Debug|x86.ActiveCfg = Debug|Any CPU
		{0DF27D37-33B2-44DD-B104-FF86B767F58D}.Debug|x86.Build.0 = Debug|Any CPU
		{0DF27D37-33B2-44DD-B104-FF86B767F58D}.Release|Any CPU.ActiveCfg = Release|Any CPU
		{0DF27D37-33B2-44DD-B104-FF86B767F58D}.Release|Any CPU.Build.0 = Release|Any CPU
		{0DF27D37-33B2-44DD-B104-FF86B767F58D}.Release|x64.ActiveCfg = Release|Any CPU
		{0DF27D37-33B2-44DD-B104-FF86B767F58D}.Release|x64.Build.0 = Release|Any CPU
		{0DF27D37-33B2-44DD-B104-FF86B767F58D}.Release|x86.ActiveCfg = Release|Any CPU
		{0DF27D37-33B2-44DD-B104-FF86B767F58D}.Release|x86.Build.0 = Release|Any CPU
		{95C522EC-0A87-422A-81B7-F351A1DBC6A0}.Debug|Any CPU.ActiveCfg = Debug|Any CPU
		{95C522EC-0A87-422A-81B7-F351A1DBC6A0}.Debug|Any CPU.Build.0 = Debug|Any CPU
		{95C522EC-0A87-422A-81B7-F351A1DBC6A0}.Debug|x64.ActiveCfg = Debug|Any CPU
		{95C522EC-0A87-422A-81B7-F351A1DBC6A0}.Debug|x64.Build.0 = Debug|Any CPU
		{95C522EC-0A87-422A-81B7-F351A1DBC6A0}.Debug|x86.ActiveCfg = Debug|Any CPU
		{95C522EC-0A87-422A-81B7-F351A1DBC6A0}.Debug|x86.Build.0 = Debug|Any CPU
		{95C522EC-0A87-422A-81B7-F351A1DBC6A0}.Release|Any CPU.ActiveCfg = Release|Any CPU
		{95C522EC-0A87-422A-81B7-F351A1DBC6A0}.Release|Any CPU.Build.0 = Release|Any CPU
		{95C522EC-0A87-422A-81B7-F351A1DBC6A0}.Release|x64.ActiveCfg = Release|Any CPU
		{95C522EC-0A87-422A-81B7-F351A1DBC6A0}.Release|x64.Build.0 = Release|Any CPU
		{95C522EC-0A87-422A-81B7-F351A1DBC6A0}.Release|x86.ActiveCfg = Release|Any CPU
		{95C522EC-0A87-422A-81B7-F351A1DBC6A0}.Release|x86.Build.0 = Release|Any CPU
		{6C78BB39-1F53-443C-B09E-5DB298032B41}.Debug|Any CPU.ActiveCfg = Debug|Any CPU
		{6C78BB39-1F53-443C-B09E-5DB298032B41}.Debug|Any CPU.Build.0 = Debug|Any CPU
		{6C78BB39-1F53-443C-B09E-5DB298032B41}.Debug|x64.ActiveCfg = Debug|Any CPU
		{6C78BB39-1F53-443C-B09E-5DB298032B41}.Debug|x64.Build.0 = Debug|Any CPU
		{6C78BB39-1F53-443C-B09E-5DB298032B41}.Debug|x86.ActiveCfg = Debug|Any CPU
		{6C78BB39-1F53-443C-B09E-5DB298032B41}.Debug|x86.Build.0 = Debug|Any CPU
		{6C78BB39-1F53-443C-B09E-5DB298032B41}.Release|Any CPU.ActiveCfg = Release|Any CPU
		{6C78BB39-1F53-443C-B09E-5DB298032B41}.Release|Any CPU.Build.0 = Release|Any CPU
		{6C78BB39-1F53-443C-B09E-5DB298032B41}.Release|x64.ActiveCfg = Release|Any CPU
		{6C78BB39-1F53-443C-B09E-5DB298032B41}.Release|x64.Build.0 = Release|Any CPU
		{6C78BB39-1F53-443C-B09E-5DB298032B41}.Release|x86.ActiveCfg = Release|Any CPU
		{6C78BB39-1F53-443C-B09E-5DB298032B41}.Release|x86.Build.0 = Release|Any CPU
		{0356FA8D-5500-4F20-8213-2E87B01F4928}.Debug|Any CPU.ActiveCfg = Debug|Any CPU
		{0356FA8D-5500-4F20-8213-2E87B01F4928}.Debug|Any CPU.Build.0 = Debug|Any CPU
		{0356FA8D-5500-4F20-8213-2E87B01F4928}.Debug|x64.ActiveCfg = Debug|Any CPU
		{0356FA8D-5500-4F20-8213-2E87B01F4928}.Debug|x64.Build.0 = Debug|Any CPU
		{0356FA8D-5500-4F20-8213-2E87B01F4928}.Debug|x86.ActiveCfg = Debug|Any CPU
		{0356FA8D-5500-4F20-8213-2E87B01F4928}.Debug|x86.Build.0 = Debug|Any CPU
		{0356FA8D-5500-4F20-8213-2E87B01F4928}.Release|Any CPU.ActiveCfg = Release|Any CPU
		{0356FA8D-5500-4F20-8213-2E87B01F4928}.Release|Any CPU.Build.0 = Release|Any CPU
		{0356FA8D-5500-4F20-8213-2E87B01F4928}.Release|x64.ActiveCfg = Release|Any CPU
		{0356FA8D-5500-4F20-8213-2E87B01F4928}.Release|x64.Build.0 = Release|Any CPU
		{0356FA8D-5500-4F20-8213-2E87B01F4928}.Release|x86.ActiveCfg = Release|Any CPU
		{0356FA8D-5500-4F20-8213-2E87B01F4928}.Release|x86.Build.0 = Release|Any CPU
		{4FE055F9-A10D-4E80-93E5-2B3CB503EB01}.Debug|Any CPU.ActiveCfg = Debug|Any CPU
		{4FE055F9-A10D-4E80-93E5-2B3CB503EB01}.Debug|Any CPU.Build.0 = Debug|Any CPU
		{4FE055F9-A10D-4E80-93E5-2B3CB503EB01}.Debug|x64.ActiveCfg = Debug|Any CPU
		{4FE055F9-A10D-4E80-93E5-2B3CB503EB01}.Debug|x64.Build.0 = Debug|Any CPU
		{4FE055F9-A10D-4E80-93E5-2B3CB503EB01}.Debug|x86.ActiveCfg = Debug|Any CPU
		{4FE055F9-A10D-4E80-93E5-2B3CB503EB01}.Debug|x86.Build.0 = Debug|Any CPU
		{4FE055F9-A10D-4E80-93E5-2B3CB503EB01}.Release|Any CPU.ActiveCfg = Release|Any CPU
		{4FE055F9-A10D-4E80-93E5-2B3CB503EB01}.Release|Any CPU.Build.0 = Release|Any CPU
		{4FE055F9-A10D-4E80-93E5-2B3CB503EB01}.Release|x64.ActiveCfg = Release|Any CPU
		{4FE055F9-A10D-4E80-93E5-2B3CB503EB01}.Release|x64.Build.0 = Release|Any CPU
		{4FE055F9-A10D-4E80-93E5-2B3CB503EB01}.Release|x86.ActiveCfg = Release|Any CPU
		{4FE055F9-A10D-4E80-93E5-2B3CB503EB01}.Release|x86.Build.0 = Release|Any CPU
	EndGlobalSection
	GlobalSection(SolutionProperties) = preSolution
		HideSolutionNode = FALSE
	EndGlobalSection
	GlobalSection(NestedProjects) = preSolution
		{AC96AE41-EEDA-42C7-A514-1612E5566508} = {827E0CD3-B72D-47B6-A68D-7590B98EB39B}
		{FEE631B6-D455-4104-8BCB-81B0662CAF85} = {827E0CD3-B72D-47B6-A68D-7590B98EB39B}
		{0DF27D37-33B2-44DD-B104-FF86B767F58D} = {827E0CD3-B72D-47B6-A68D-7590B98EB39B}
		{95C522EC-0A87-422A-81B7-F351A1DBC6A0} = {827E0CD3-B72D-47B6-A68D-7590B98EB39B}
		{6C78BB39-1F53-443C-B09E-5DB298032B41} = {0AB3BF05-4346-4AA6-1389-037BE0695223}
		{0356FA8D-5500-4F20-8213-2E87B01F4928} = {0AB3BF05-4346-4AA6-1389-037BE0695223}
		{4FE055F9-A10D-4E80-93E5-2B3CB503EB01} = {0AB3BF05-4346-4AA6-1389-037BE0695223}
	EndGlobalSection
EndGlobal
